
Microsoft Visual Studio Solution File, Format Version 11.00
# Visual Studio 2010
Project("{FAE04EC0-301F-11D3-BF4B-00C04F79EFBC}") = "FTPLibrary", "FTPLibrary\FTPLibrary.csproj", "{8C616C3B-9107-41AF-A8B7-A136902EE9F9}"
EndProject
Global
	GlobalSection(TeamFoundationVersionControl) = preSolution
		SccNumberOfProjects = 2
		SccEnterpriseProvider = {4CA58AB2-18FA-4F8D-95D4-32DDF27D184C}
		SccTeamFoundationServer = http://abtv5093:8080/tfs/db_bt_tfsroasaminterfaces_sql
		SccLocalPath0 = .
		SccProjectUniqueName1 = FTPLibrary\\FTPLibrary.csproj
		SccProjectName1 = FTPLibrary
		SccLocalPath1 = FTPLibrary
	EndGlobalSection
	GlobalSection(SolutionConfigurationPlatforms) = preSolution
		Debug|Any CPU = Debug|Any CPU
		Release|Any CPU = Release|Any CPU
	EndGlobalSection
	GlobalSection(ProjectConfigurationPlatforms) = postSolution
		{8C616C3B-9107-41AF-A8B7-A136902EE9F9}.Debug|Any CPU.ActiveCfg = Debug|Any CPU
		{8C616C3B-9107-41AF-A8B7-A136902EE9F9}.Debug|Any CPU.Build.0 = Debug|Any CPU
		{8C616C3B-9107-41AF-A8B7-A136902EE9F9}.Release|Any CPU.ActiveCfg = Release|Any CPU
		{8C616C3B-9107-41AF-A8B7-A136902EE9F9}.Release|Any CPU.Build.0 = Release|Any CPU
	EndGlobalSection
	GlobalSection(SolutionProperties) = preSolution
		HideSolutionNode = FALSE
	EndGlobalSection
EndGlobal
